
Microsoft Visual Studio Solution File, Format Version 12.00
# Visual Studio Version 17
VisualStudioVersion = 17.5.002.0
MinimumVisualStudioVersion = 10.0.40219.1
Project("{9A19103F-16F7-4668-BE54-9A1E7A4F7556}") = "myBURGUERMANIA-API", "myBURGUERMANIA-API.csproj", "{61F20ABC-4D02-4986-B79E-A01486D64763}"
EndProject
Global
	GlobalSection(SolutionConfigurationPlatforms) = preSolution
		Debug|Any CPU = Debug|Any CPU
		Release|Any CPU = Release|Any CPU
	EndGlobalSection
	GlobalSection(ProjectConfigurationPlatforms) = postSolution
		{61F20ABC-4D02-4986-B79E-A01486D64763}.Debug|Any CPU.ActiveCfg = Debug|Any CPU
		{61F20ABC-4D02-4986-B79E-A01486D64763}.Debug|Any CPU.Build.0 = Debug|Any CPU
		{61F20ABC-4D02-4986-B79E-A01486D64763}.Release|Any CPU.ActiveCfg = Release|Any CPU
		{61F20ABC-4D02-4986-B79E-A01486D64763}.Release|Any CPU.Build.0 = Release|Any CPU
	EndGlobalSection
	GlobalSection(SolutionProperties) = preSolution
		HideSolutionNode = FALSE
	EndGlobalSection
	GlobalSection(ExtensibilityGlobals) = postSolution
		SolutionGuid = {A1D6F928-3805-4E6A-B59A-0115290BC5CC}
	EndGlobalSection
EndGlobal
